// !$*UTF8*$!
{
	archiveVersion = 1;
	classes = {
	};
	objectVersion = 50;
	objects = {

/* Begin PBXBuildFile section */
		044768FC210B4E6D00605529 /* SettingsViewController.swift in Sources */ = {isa = PBXBuildFile; fileRef = 044768FB210B4E6D00605529 /* SettingsViewController.swift */; };
		045FC4692101C610004C904A /* AppDelegate.swift in Sources */ = {isa = PBXBuildFile; fileRef = 045FC4682101C610004C904A /* AppDelegate.swift */; };
		045FC46B2101C610004C904A /* ViewController.swift in Sources */ = {isa = PBXBuildFile; fileRef = 045FC46A2101C610004C904A /* ViewController.swift */; };
		045FC46E2101C610004C904A /* Main.storyboard in Resources */ = {isa = PBXBuildFile; fileRef = 045FC46C2101C610004C904A /* Main.storyboard */; };
		045FC4712101C610004C904A /* PaintApp.xcdatamodeld in Sources */ = {isa = PBXBuildFile; fileRef = 045FC46F2101C610004C904A /* PaintApp.xcdatamodeld */; };
		045FC4732101C612004C904A /* Assets.xcassets in Resources */ = {isa = PBXBuildFile; fileRef = 045FC4722101C612004C904A /* Assets.xcassets */; };
		045FC4762101C612004C904A /* LaunchScreen.storyboard in Resources */ = {isa = PBXBuildFile; fileRef = 045FC4742101C612004C904A /* LaunchScreen.storyboard */; };
		045FC4812101C612004C904A /* PaintAppTests.swift in Sources */ = {isa = PBXBuildFile; fileRef = 045FC4802101C612004C904A /* PaintAppTests.swift */; };
		045FC48C2101C612004C904A /* PaintAppUITests.swift in Sources */ = {isa = PBXBuildFile; fileRef = 045FC48B2101C612004C904A /* PaintAppUITests.swift */; };
/* End PBXBuildFile section */

/* Begin PBXContainerItemProxy section */
		045FC47D2101C612004C904A /* PBXContainerItemProxy */ = {
			isa = PBXContainerItemProxy;
			containerPortal = 045FC45D2101C610004C904A /* Project object */;
			proxyType = 1;
			remoteGlobalIDString = 045FC4642101C610004C904A;
			remoteInfo = PaintApp;
		};
		045FC4882101C612004C904A /* PBXContainerItemProxy */ = {
			isa = PBXContainerItemProxy;
			containerPortal = 045FC45D2101C610004C904A /* Project object */;
			proxyType = 1;
			remoteGlobalIDString = 045FC4642101C610004C904A;
			remoteInfo = PaintApp;
		};
/* End PBXContainerItemProxy section */

/* Begin PBXFileReference section */
		044768FB210B4E6D00605529 /* SettingsViewController.swift */ = {isa = PBXFileReference; lastKnownFileType = sourcecode.swift; path = SettingsViewController.swift; sourceTree = "<group>"; };
		045FC4652101C610004C904A /* PaintApp.app */ = {isa = PBXFileReference; explicitFileType = wrapper.application; includeInIndex = 0; path = PaintApp.app; sourceTree = BUILT_PRODUCTS_DIR; };
		045FC4682101C610004C904A /* AppDelegate.swift */ = {isa = PBXFileReference; lastKnownFileType = sourcecode.swift; path = AppDelegate.swift; sourceTree = "<group>"; };
		045FC46A2101C610004C904A /* ViewController.swift */ = {isa = PBXFileReference; lastKnownFileType = sourcecode.swift; path = ViewController.swift; sourceTree = "<group>"; };
		045FC46D2101C610004C904A /* Base */ = {isa = PBXFileReference; lastKnownFileType = file.storyboard; name = Base; path = Base.lproj/Main.storyboard; sourceTree = "<group>"; };
		045FC4702101C610004C904A /* PaintApp.xcdatamodel */ = {isa = PBXFileReference; lastKnownFileType = wrapper.xcdatamodel; path = PaintApp.xcdatamodel; sourceTree = "<group>"; };
		045FC4722101C612004C904A /* Assets.xcassets */ = {isa = PBXFileReference; lastKnownFileType = folder.assetcatalog; path = Assets.xcassets; sourceTree = "<group>"; };
		045FC4752101C612004C904A /* Base */ = {isa = PBXFileReference; lastKnownFileType = file.storyboard; name = Base; path = Base.lproj/LaunchScreen.storyboard; sourceTree = "<group>"; };
		045FC4772101C612004C904A /* Info.plist */ = {isa = PBXFileReference; lastKnownFileType = text.plist.xml; path = Info.plist; sourceTree = "<group>"; };
		045FC47C2101C612004C904A /* PaintAppTests.xctest */ = {isa = PBXFileReference; explicitFileType = wrapper.cfbundle; includeInIndex = 0; path = PaintAppTests.xctest; sourceTree = BUILT_PRODUCTS_DIR; };
		045FC4802101C612004C904A /* PaintAppTests.swift */ = {isa = PBXFileReference; lastKnownFileType = sourcecode.swift; path = PaintAppTests.swift; sourceTree = "<group>"; };
		045FC4822101C612004C904A /* Info.plist */ = {isa = PBXFileReference; lastKnownFileType = text.plist.xml; path = Info.plist; sourceTree = "<group>"; };
		045FC4872101C612004C904A /* PaintAppUITests.xctest */ = {isa = PBXFileReference; explicitFileType = wrapper.cfbundle; includeInIndex = 0; path = PaintAppUITests.xctest; sourceTree = BUILT_PRODUCTS_DIR; };
		045FC48B2101C612004C904A /* PaintAppUITests.swift */ = {isa = PBXFileReference; lastKnownFileType = sourcecode.swift; path = PaintAppUITests.swift; sourceTree = "<group>"; };
		045FC48D2101C612004C904A /* Info.plist */ = {isa = PBXFileReference; lastKnownFileType = text.plist.xml; path = Info.plist; sourceTree = "<group>"; };
/* End PBXFileReference section */

/* Begin PBXFrameworksBuildPhase section */
		045FC4622101C610004C904A /* Frameworks */ = {
			isa = PBXFrameworksBuildPhase;
			buildActionMask = 2147483647;
			files = (
			);
			runOnlyForDeploymentPostprocessing = 0;
		};
		045FC4792101C612004C904A /* Frameworks */ = {
			isa = PBXFrameworksBuildPhase;
			buildActionMask = 2147483647;
			files = (
			);
			runOnlyForDeploymentPostprocessing = 0;
		};
		045FC4842101C612004C904A /* Frameworks */ = {
			isa = PBXFrameworksBuildPhase;
			buildActionMask = 2147483647;
			files = (
			);
			runOnlyForDeploymentPostprocessing = 0;
		};
/* End PBXFrameworksBuildPhase section */

/* Begin PBXGroup section */
		045FC45C2101C610004C904A = {
			isa = PBXGroup;
			children = (
				045FC4672101C610004C904A /* PaintApp */,
				045FC47F2101C612004C904A /* PaintAppTests */,
				045FC48A2101C612004C904A /* PaintAppUITests */,
				045FC4662101C610004C904A /* Products */,
			);
			sourceTree = "<group>";
		};
		045FC4662101C610004C904A /* Products */ = {
			isa = PBXGroup;
			children = (
				045FC4652101C610004C904A /* PaintApp.app */,
				045FC47C2101C612004C904A /* PaintAppTests.xctest */,
				045FC4872101C612004C904A /* PaintAppUITests.xctest */,
			);
			name = Products;
			sourceTree = "<group>";
		};
		045FC4672101C610004C904A /* PaintApp */ = {
			isa = PBXGroup;
			children = (
				045FC4682101C610004C904A /* AppDelegate.swift */,
				045FC46A2101C610004C904A /* ViewController.swift */,
				044768FB210B4E6D00605529 /* SettingsViewController.swift */,
				045FC46C2101C610004C904A /* Main.storyboard */,
				045FC4722101C612004C904A /* Assets.xcassets */,
				045FC4742101C612004C904A /* LaunchScreen.storyboard */,
				045FC4772101C612004C904A /* Info.plist */,
				045FC46F2101C610004C904A /* PaintApp.xcdatamodeld */,
			);
			path = PaintApp;
			sourceTree = "<group>";
		};
		045FC47F2101C612004C904A /* PaintAppTests */ = {
			isa = PBXGroup;
			children = (
				045FC4802101C612004C904A /* PaintAppTests.swift */,
				045FC4822101C612004C904A /* Info.plist */,
			);
			path = PaintAppTests;
			sourceTree = "<group>";
		};
		045FC48A2101C612004C904A /* PaintAppUITests */ = {
			isa = PBXGroup;
			children = (
				045FC48B2101C612004C904A /* PaintAppUITests.swift */,
				045FC48D2101C612004C904A /* Info.plist */,
			);
			path = PaintAppUITests;
			sourceTree = "<group>";
		};
/* End PBXGroup section */

/* Begin PBXNativeTarget section */
		045FC4642101C610004C904A /* PaintApp */ = {
			isa = PBXNativeTarget;
			buildConfigurationList = 045FC4902101C612004C904A /* Build configuration list for PBXNativeTarget "PaintApp" */;
			buildPhases = (
				045FC4612101C610004C904A /* Sources */,
				045FC4622101C610004C904A /* Frameworks */,
				045FC4632101C610004C904A /* Resources */,
			);
			buildRules = (
			);
			dependencies = (
			);
			name = PaintApp;
			productName = PaintApp;
			productReference = 045FC4652101C610004C904A /* PaintApp.app */;
			productType = "com.apple.product-type.application";
		};
		045FC47B2101C612004C904A /* PaintAppTests */ = {
			isa = PBXNativeTarget;
			buildConfigurationList = 045FC4932101C612004C904A /* Build configuration list for PBXNativeTarget "PaintAppTests" */;
			buildPhases = (
				045FC4782101C612004C904A /* Sources */,
				045FC4792101C612004C904A /* Frameworks */,
				045FC47A2101C612004C904A /* Resources */,
			);
			buildRules = (
			);
			dependencies = (
				045FC47E2101C612004C904A /* PBXTargetDependency */,
			);
			name = PaintAppTests;
			productName = PaintAppTests;
			productReference = 045FC47C2101C612004C904A /* PaintAppTests.xctest */;
			productType = "com.apple.product-type.bundle.unit-test";
		};
		045FC4862101C612004C904A /* PaintAppUITests */ = {
			isa = PBXNativeTarget;
			buildConfigurationList = 045FC4962101C612004C904A /* Build configuration list for PBXNativeTarget "PaintAppUITests" */;
			buildPhases = (
				045FC4832101C612004C904A /* Sources */,
				045FC4842101C612004C904A /* Frameworks */,
				045FC4852101C612004C904A /* Resources */,
			);
			buildRules = (
			);
			dependencies = (
				045FC4892101C612004C904A /* PBXTargetDependency */,
			);
			name = PaintAppUITests;
			productName = PaintAppUITests;
			productReference = 045FC4872101C612004C904A /* PaintAppUITests.xctest */;
			productType = "com.apple.product-type.bundle.ui-testing";
		};
/* End PBXNativeTarget section */

/* Begin PBXProject section */
		045FC45D2101C610004C904A /* Project object */ = {
			isa = PBXProject;
			attributes = {
				LastSwiftUpdateCheck = 0940;
				LastUpgradeCheck = 0940;
				ORGANIZATIONNAME = None;
				TargetAttributes = {
					045FC4642101C610004C904A = {
						CreatedOnToolsVersion = 9.4.1;
					};
					045FC47B2101C612004C904A = {
						CreatedOnToolsVersion = 9.4.1;
						TestTargetID = 045FC4642101C610004C904A;
					};
					045FC4862101C612004C904A = {
						CreatedOnToolsVersion = 9.4.1;
						TestTargetID = 045FC4642101C610004C904A;
					};
				};
			};
			buildConfigurationList = 045FC4602101C610004C904A /* Build configuration list for PBXProject "PaintApp" */;
			compatibilityVersion = "Xcode 9.3";
			developmentRegion = en;
			hasScannedForEncodings = 0;
			knownRegions = (
				en,
				Base,
			);
			mainGroup = 045FC45C2101C610004C904A;
			productRefGroup = 045FC4662101C610004C904A /* Products */;
			projectDirPath = "";
			projectRoot = "";
			targets = (
				045FC4642101C610004C904A /* PaintApp */,
				045FC47B2101C612004C904A /* PaintAppTests */,
				045FC4862101C612004C904A /* PaintAppUITests */,
			);
		};
/* End PBXProject section */

/* Begin PBXResourcesBuildPhase section */
		045FC4632101C610004C904A /* Resources */ = {
			isa = PBXResourcesBuildPhase;
			buildActionMask = 2147483647;
			files = (
				045FC4762101C612004C904A /* LaunchScreen.storyboard in Resources */,
				045FC4732101C612004C904A /* Assets.xcassets in Resources */,
				045FC46E2101C610004C904A /* Main.storyboard in Resources */,
			);
			runOnlyForDeploymentPostprocessing = 0;
		};
		045FC47A2101C612004C904A /* Resources */ = {
			isa = PBXResourcesBuildPhase;
			buildActionMask = 2147483647;
			files = (
			);
			runOnlyForDeploymentPostprocessing = 0;
		};
		045FC4852101C612004C904A /* Resources */ = {
			isa = PBXResourcesBuildPhase;
			buildActionMask = 2147483647;
			files = (
			);
			runOnlyForDeploymentPostprocessing = 0;
		};
/* End PBXResourcesBuildPhase section */

/* Begin PBXSourcesBuildPhase section */
		045FC4612101C610004C904A /* Sources */ = {
			isa = PBXSourcesBuildPhase;
			buildActionMask = 2147483647;
			files = (
				045FC46B2101C610004C904A /* ViewController.swift in Sources */,
				045FC4692101C610004C904A /* AppDelegate.swift in Sources */,
				045FC4712101C610004C904A /* PaintApp.xcdatamodeld in Sources */,
				044768FC210B4E6D00605529 /* SettingsViewController.swift in Sources */,
			);
			runOnlyForDeploymentPostprocessing = 0;
		};
		045FC4782101C612004C904A /* Sources */ = {
			isa = PBXSourcesBuildPhase;
			buildActionMask = 2147483647;
			files = (
				045FC4812101C612004C904A /* PaintAppTests.swift in Sources */,
			);
			runOnlyForDeploymentPostprocessing = 0;
		};
		045FC4832101C612004C904A /* Sources */ = {
			isa = PBXSourcesBuildPhase;
			buildActionMask = 2147483647;
			files = (
				045FC48C2101C612004C904A /* PaintAppUITests.swift in Sources */,
			);
			runOnlyForDeploymentPostprocessing = 0;
		};
/* End PBXSourcesBuildPhase section */

/* Begin PBXTargetDependency section */
		045FC47E2101C612004C904A /* PBXTargetDependency */ = {
			isa = PBXTargetDependency;
			target = 045FC4642101C610004C904A /* PaintApp */;
			targetProxy = 045FC47D2101C612004C904A /* PBXContainerItemProxy */;
		};
		045FC4892101C612004C904A /* PBXTargetDependency */ = {
			isa = PBXTargetDependency;
			target = 045FC4642101C610004C904A /* PaintApp */;
			targetProxy = 045FC4882101C612004C904A /* PBXContainerItemProxy */;
		};
/* End PBXTargetDependency section */

/* Begin PBXVariantGroup section */
		045FC46C2101C610004C904A /* Main.storyboard */ = {
			isa = PBXVariantGroup;
			children = (
				045FC46D2101C610004C904A /* Base */,
			);
			name = Main.storyboard;
			sourceTree = "<group>";
		};
		045FC4742101C612004C904A /* LaunchScreen.storyboard */ = {
			isa = PBXVariantGroup;
			children = (
				045FC4752101C612004C904A /* Base */,
			);
			name = LaunchScreen.storyboard;
			sourceTree = "<group>";
		};
/* End PBXVariantGroup section */

/* Begin XCBuildConfiguration section */
		045FC48E2101C612004C904A /* Debug */ = {
			isa = XCBuildConfiguration;
			buildSettings = {
				ALWAYS_SEARCH_USER_PATHS = NO;
				CLANG_ANALYZER_NONNULL = YES;
				CLANG_ANALYZER_NUMBER_OBJECT_CONVERSION = YES_AGGRESSIVE;
				CLANG_CXX_LANGUAGE_STANDARD = "gnu++14";
				CLANG_CXX_LIBRARY = "libc++";
				CLANG_ENABLE_MODULES = YES;
				CLANG_ENABLE_OBJC_ARC = YES;
				CLANG_ENABLE_OBJC_WEAK = YES;
				CLANG_WARN_BLOCK_CAPTURE_AUTORELEASING = YES;
				CLANG_WARN_BOOL_CONVERSION = YES;
				CLANG_WARN_COMMA = YES;
				CLANG_WARN_CONSTANT_CONVERSION = YES;
				CLANG_WARN_DEPRECATED_OBJC_IMPLEMENTATIONS = YES;
				CLANG_WARN_DIRECT_OBJC_ISA_USAGE = YES_ERROR;
				CLANG_WARN_DOCUMENTATION_COMMENTS = YES;
				CLANG_WARN_EMPTY_BODY = YES;
				CLANG_WARN_ENUM_CONVERSION = YES;
				CLANG_WARN_INFINITE_RECURSION = YES;
				CLANG_WARN_INT_CONVERSION = YES;
				CLANG_WARN_NON_LITERAL_NULL_CONVERSION = YES;
				CLANG_WARN_OBJC_IMPLICIT_RETAIN_SELF = YES;
				CLANG_WARN_OBJC_LITERAL_CONVERSION = YES;
				CLANG_WARN_OBJC_ROOT_CLASS = YES_ERROR;
				CLANG_WARN_RANGE_LOOP_ANALYSIS = YES;
				CLANG_WARN_STRICT_PROTOTYPES = YES;
				CLANG_WARN_SUSPICIOUS_MOVE = YES;
				CLANG_WARN_UNGUARDED_AVAILABILITY = YES_AGGRESSIVE;
				CLANG_WARN_UNREACHABLE_CODE = YES;
				CLANG_WARN__DUPLICATE_METHOD_MATCH = YES;
				CODE_SIGN_IDENTITY = "iPhone Developer";
				COPY_PHASE_STRIP = NO;
				DEBUG_INFORMATION_FORMAT = dwarf;
				ENABLE_STRICT_OBJC_MSGSEND = YES;
				ENABLE_TESTABILITY = YES;
				GCC_C_LANGUAGE_STANDARD = gnu11;
				GCC_DYNAMIC_NO_PIC = NO;
				GCC_NO_COMMON_BLOCKS = YES;
				GCC_OPTIMIZATION_LEVEL = 0;
				GCC_PREPROCESSOR_DEFINITIONS = (
					"DEBUG=1",
					"$(inherited)",
				);
				GCC_WARN_64_TO_32_BIT_CONVERSION = YES;
				GCC_WARN_ABOUT_RETURN_TYPE = YES_ERROR;
				GCC_WARN_UNDECLARED_SELECTOR = YES;
				GCC_WARN_UNINITIALIZED_AUTOS = YES_AGGRESSIVE;
				GCC_WARN_UNUSED_FUNCTION = YES;
				GCC_WARN_UNUSED_VARIABLE = YES;
				IPHONEOS_DEPLOYMENT_TARGET = 11.4;
				MTL_ENABLE_DEBUG_INFO = YES;
				ONLY_ACTIVE_ARCH = YES;
				SDKROOT = iphoneos;
				SWIFT_ACTIVE_COMPILATION_CONDITIONS = DEBUG;
				SWIFT_OPTIMIZATION_LEVEL = "-Onone";
			};
			name = Debug;
		};
		045FC48F2101C612004C904A /* Release */ = {
			isa = XCBuildConfiguration;
			buildSettings = {
				ALWAYS_SEARCH_USER_PATHS = NO;
				CLANG_ANALYZER_NONNULL = YES;
				CLANG_ANALYZER_NUMBER_OBJECT_CONVERSION = YES_AGGRESSIVE;
				CLANG_CXX_LANGUAGE_STANDARD = "gnu++14";
				CLANG_CXX_LIBRARY = "libc++";
				CLANG_ENABLE_MODULES = YES;
				CLANG_ENABLE_OBJC_ARC = YES;
				CLANG_ENABLE_OBJC_WEAK = YES;
				CLANG_WARN_BLOCK_CAPTURE_AUTORELEASING = YES;
				CLANG_WARN_BOOL_CONVERSION = YES;
				CLANG_WARN_COMMA = YES;
				CLANG_WARN_CONSTANT_CONVERSION = YES;
				CLANG_WARN_DEPRECATED_OBJC_IMPLEMENTATIONS = YES;
				CLANG_WARN_DIRECT_OBJC_ISA_USAGE = YES_ERROR;
				CLANG_WARN_DOCUMENTATION_COMMENTS = YES;
				CLANG_WARN_EMPTY_BODY = YES;
				CLANG_WARN_ENUM_CONVERSION = YES;
				CLANG_WARN_INFINITE_RECURSION = YES;
				CLANG_WARN_INT_CONVERSION = YES;
				CLANG_WARN_NON_LITERAL_NULL_CONVERSION = YES;
				CLANG_WARN_OBJC_IMPLICIT_RETAIN_SELF = YES;
				CLANG_WARN_OBJC_LITERAL_CONVERSION = YES;
				CLANG_WARN_OBJC_ROOT_CLASS = YES_ERROR;
				CLANG_WARN_RANGE_LOOP_ANALYSIS = YES;
				CLANG_WARN_STRICT_PROTOTYPES = YES;
				CLANG_WARN_SUSPICIOUS_MOVE = YES;
				CLANG_WARN_UNGUARDED_AVAILABILITY = YES_AGGRESSIVE;
				CLANG_WARN_UNREACHABLE_CODE = YES;
				CLANG_WARN__DUPLICATE_METHOD_MATCH = YES;
				CODE_SIGN_IDENTITY = "iPhone Developer";
				COPY_PHASE_STRIP = NO;
				DEBUG_INFORMATION_FORMAT = "dwarf-with-dsym";
				ENABLE_NS_ASSERTIONS = NO;
				ENABLE_STRICT_OBJC_MSGSEND = YES;
				GCC_C_LANGUAGE_STANDARD = gnu11;
				GCC_NO_COMMON_BLOCKS = YES;
				GCC_WARN_64_TO_32_BIT_CONVERSION = YES;
				GCC_WARN_ABOUT_RETURN_TYPE = YES_ERROR;
				GCC_WARN_UNDECLARED_SELECTOR = YES;
				GCC_WARN_UNINITIALIZED_AUTOS = YES_AGGRESSIVE;
				GCC_WARN_UNUSED_FUNCTION = YES;
				GCC_WARN_UNUSED_VARIABLE = YES;
				IPHONEOS_DEPLOYMENT_TARGET = 11.4;
				MTL_ENABLE_DEBUG_INFO = NO;
				SDKROOT = iphoneos;
				SWIFT_COMPILATION_MODE = wholemodule;
				SWIFT_OPTIMIZATION_LEVEL = "-O";
				VALIDATE_PRODUCT = YES;
			};
			name = Release;
		};
		045FC4912101C612004C904A /* Debug */ = {
			isa = XCBuildConfiguration;
			buildSettings = {
				ASSETCATALOG_COMPILER_APPICON_NAME = AppIcon;
				CODE_SIGN_STYLE = Automatic;
				INFOPLIST_FILE = PaintApp/Info.plist;
				LD_RUNPATH_SEARCH_PATHS = (
					"$(inherited)",
					"@executable_path/Frameworks",
				);
				PRODUCT_BUNDLE_IDENTIFIER = None.PaintApp;
				PRODUCT_NAME = "$(TARGET_NAME)";
				SWIFT_VERSION = 4.0;
				TARGETED_DEVICE_FAMILY = "1,2";
			};
			name = Debug;
		};
		045FC4922101C612004C904A /* Release */ = {
			isa = XCBuildConfiguration;
			buildSettings = {
				ASSETCATALOG_COMPILER_APPICON_NAME = AppIcon;
				CODE_SIGN_STYLE = Automatic;
				INFOPLIST_FILE = PaintApp/Info.plist;
				LD_RUNPATH_SEARCH_PATHS = (
					"$(inherited)",
					"@executable_path/Frameworks",
				);
				PRODUCT_BUNDLE_IDENTIFIER = None.PaintApp;
				PRODUCT_NAME = "$(TARGET_NAME)";
				SWIFT_VERSION = 4.0;
				TARGETED_DEVICE_FAMILY = "1,2";
			};
			name = Release;
		};
		045FC4942101C612004C904A /* Debug */ = {
			isa = XCBuildConfiguration;
			buildSettings = {
				ALWAYS_EMBED_SWIFT_STANDARD_LIBRARIES = YES;
				BUNDLE_LOADER = "$(TEST_HOST)";
				CODE_SIGN_STYLE = Automatic;
				INFOPLIST_FILE = PaintAppTests/Info.plist;
				LD_RUNPATH_SEARCH_PATHS = (
					"$(inherited)",
					"@executable_path/Frameworks",
					"@loader_path/Frameworks",
				);
				PRODUCT_BUNDLE_IDENTIFIER = None.PaintAppTests;
				PRODUCT_NAME = "$(TARGET_NAME)";
				SWIFT_VERSION = 4.0;
				TARGETED_DEVICE_FAMILY = "1,2";
				TEST_HOST = "$(BUILT_PRODUCTS_DIR)/PaintApp.app/PaintApp";
			};
			name = Debug;
		};
		045FC4952101C612004C904A /* Release */ = {
			isa = XCBuildConfiguration;
			buildSettings = {
				ALWAYS_EMBED_SWIFT_STANDARD_LIBRARIES = YES;
				BUNDLE_LOADER = "$(TEST_HOST)";
				CODE_SIGN_STYLE = Automatic;
				INFOPLIST_FILE = PaintAppTests/Info.plist;
				LD_RUNPATH_SEARCH_PATHS = (
					"$(inherited)",
					"@executable_path/Frameworks",
					"@loader_path/Frameworks",
				);
				PRODUCT_BUNDLE_IDENTIFIER = None.PaintAppTests;
				PRODUCT_NAME = "$(TARGET_NAME)";
				SWIFT_VERSION = 4.0;
				TARGETED_DEVICE_FAMILY = "1,2";
				TEST_HOST = "$(BUILT_PRODUCTS_DIR)/PaintApp.app/PaintApp";
			};
			name = Release;
		};
		045FC4972101C612004C904A /* Debug */ = {
			isa = XCBuildConfiguration;
			buildSettings = {
				ALWAYS_EMBED_SWIFT_STANDARD_LIBRARIES = YES;
				CODE_SIGN_STYLE = Automatic;
				INFOPLIST_FILE = PaintAppUITests/Info.plist;
				LD_RUNPATH_SEARCH_PATHS = (
					"$(inherited)",
					"@executable_path/Frameworks",
					"@loader_path/Frameworks",
				);
				PRODUCT_BUNDLE_IDENTIFIER = None.PaintAppUITests;
				PRODUCT_NAME = "$(TARGET_NAME)";
				SWIFT_VERSION = 4.0;
				TARGETED_DEVICE_FAMILY = "1,2";
				TEST_TARGET_NAME = PaintApp;
			};
			name = Debug;
		};
		045FC4982101C612004C904A /* Release */ = {
			isa = XCBuildConfiguration;
			buildSettings = {
				ALWAYS_EMBED_SWIFT_STANDARD_LIBRARIES = YES;
				CODE_SIGN_STYLE = Automatic;
				INFOPLIST_FILE = PaintAppUITests/Info.plist;
				LD_RUNPATH_SEARCH_PATHS = (
					"$(inherited)",
					"@executable_path/Frameworks",
					"@loader_path/Frameworks",
				);
				PRODUCT_BUNDLE_IDENTIFIER = None.PaintAppUITests;
				PRODUCT_NAME = "$(TARGET_NAME)";
				SWIFT_VERSION = 4.0;
				TARGETED_DEVICE_FAMILY = "1,2";
				TEST_TARGET_NAME = PaintApp;
			};
			name = Release;
		};
/* End XCBuildConfiguration section */

/* Begin XCConfigurationList section */
		045FC4602101C610004C904A /* Build configuration list for PBXProject "PaintApp" */ = {
			isa = XCConfigurationList;
			buildConfigurations = (
				045FC48E2101C612004C904A /* Debug */,
				045FC48F2101C612004C904A /* Release */,
			);
			defaultConfigurationIsVisible = 0;
			defaultConfigurationName = Release;
		};
		045FC4902101C612004C904A /* Build configuration list for PBXNativeTarget "PaintApp" */ = {
			isa = XCConfigurationList;
			buildConfigurations = (
				045FC4912101C612004C904A /* Debug */,
				045FC4922101C612004C904A /* Release */,
			);
			defaultConfigurationIsVisible = 0;
			defaultConfigurationName = Release;
		};
		045FC4932101C612004C904A /* Build configuration list for PBXNativeTarget "PaintAppTests" */ = {
			isa = XCConfigurationList;
			buildConfigurations = (
				045FC4942101C612004C904A /* Debug */,
				045FC4952101C612004C904A /* Release */,
			);
			defaultConfigurationIsVisible = 0;
			defaultConfigurationName = Release;
		};
		045FC4962101C612004C904A /* Build configuration list for PBXNativeTarget "PaintAppUITests" */ = {
			isa = XCConfigurationList;
			buildConfigurations = (
				045FC4972101C612004C904A /* Debug */,
				045FC4982101C612004C904A /* Release */,
			);
			defaultConfigurationIsVisible = 0;
			defaultConfigurationName = Release;
		};
/* End XCConfigurationList section */

/* Begin XCVersionGroup section */
		045FC46F2101C610004C904A /* PaintApp.xcdatamodeld */ = {
			isa = XCVersionGroup;
			children = (
				045FC4702101C610004C904A /* PaintApp.xcdatamodel */,
			);
			currentVersion = 045FC4702101C610004C904A /* PaintApp.xcdatamodel */;
			path = PaintApp.xcdatamodeld;
			sourceTree = "<group>";
			versionGroupType = wrapper.xcdatamodel;
		};
/* End XCVersionGroup section */
	};
	rootObject = 045FC45D2101C610004C904A /* Project object */;
}
